// !$*UTF8*$!
{
	archiveVersion = 1;
	classes = {
	};
	objectVersion = 50;
	objects = {

/* Begin PBXBuildFile section */
		7058C81E223A2F3F0023442C /* AppDelegate.swift in Sources */ = {isa = PBXBuildFile; fileRef = 7058C81D223A2F3F0023442C /* AppDelegate.swift */; };
		7058C820223A2F3F0023442C /* ImagesViewController.swift in Sources */ = {isa = PBXBuildFile; fileRef = 7058C81F223A2F3F0023442C /* ImagesViewController.swift */; };
		7058C823223A2F3F0023442C /* Main.storyboard in Resources */ = {isa = PBXBuildFile; fileRef = 7058C821223A2F3F0023442C /* Main.storyboard */; };
		7058C825223A2F410023442C /* Assets.xcassets in Resources */ = {isa = PBXBuildFile; fileRef = 7058C824223A2F410023442C /* Assets.xcassets */; };
		7058C828223A2F420023442C /* LaunchScreen.storyboard in Resources */ = {isa = PBXBuildFile; fileRef = 7058C826223A2F420023442C /* LaunchScreen.storyboard */; };
		7058C833223A2F420023442C /* ImageParserTests.swift in Sources */ = {isa = PBXBuildFile; fileRef = 7058C832223A2F420023442C /* ImageParserTests.swift */; };
		7058C83E223A2F420023442C /* ImageParserUITests.swift in Sources */ = {isa = PBXBuildFile; fileRef = 7058C83D223A2F420023442C /* ImageParserUITests.swift */; };
		7058C84E223A63EB0023442C /* Image.swift in Sources */ = {isa = PBXBuildFile; fileRef = 7058C84D223A63EB0023442C /* Image.swift */; };
		7058C851223A66D90023442C /* ImageCollectionViewCell.swift in Sources */ = {isa = PBXBuildFile; fileRef = 7058C850223A66D90023442C /* ImageCollectionViewCell.swift */; };
		7058C854223A704F0023442C /* ImageService.swift in Sources */ = {isa = PBXBuildFile; fileRef = 7058C853223A704F0023442C /* ImageService.swift */; };
		7058C856223A97060023442C /* DetailViewController.swift in Sources */ = {isa = PBXBuildFile; fileRef = 7058C855223A97060023442C /* DetailViewController.swift */; };
		9C3A4FF78E5E80B1E811F672 /* Pods_ImageParser.framework in Frameworks */ = {isa = PBXBuildFile; fileRef = 3FAF893B89A61AEDF56BFB36 /* Pods_ImageParser.framework */; };
/* End PBXBuildFile section */

/* Begin PBXContainerItemProxy section */
		7058C82F223A2F420023442C /* PBXContainerItemProxy */ = {
			isa = PBXContainerItemProxy;
			containerPortal = 7058C812223A2F3F0023442C /* Project object */;
			proxyType = 1;
			remoteGlobalIDString = 7058C819223A2F3F0023442C;
			remoteInfo = ImageParser;
		};
		7058C83A223A2F420023442C /* PBXContainerItemProxy */ = {
			isa = PBXContainerItemProxy;
			containerPortal = 7058C812223A2F3F0023442C /* Project object */;
			proxyType = 1;
			remoteGlobalIDString = 7058C819223A2F3F0023442C;
			remoteInfo = ImageParser;
		};
/* End PBXContainerItemProxy section */

/* Begin PBXFileReference section */
		21D795291C2C235375665AA6 /* Pods-ImageParser.debug.xcconfig */ = {isa = PBXFileReference; includeInIndex = 1; lastKnownFileType = text.xcconfig; name = "Pods-ImageParser.debug.xcconfig"; path = "Target Support Files/Pods-ImageParser/Pods-ImageParser.debug.xcconfig"; sourceTree = "<group>"; };
		3FAF893B89A61AEDF56BFB36 /* Pods_ImageParser.framework */ = {isa = PBXFileReference; explicitFileType = wrapper.framework; includeInIndex = 0; path = Pods_ImageParser.framework; sourceTree = BUILT_PRODUCTS_DIR; };
		7058C81A223A2F3F0023442C /* ImageParser.app */ = {isa = PBXFileReference; explicitFileType = wrapper.application; includeInIndex = 0; path = ImageParser.app; sourceTree = BUILT_PRODUCTS_DIR; };
		7058C81D223A2F3F0023442C /* AppDelegate.swift */ = {isa = PBXFileReference; lastKnownFileType = sourcecode.swift; path = AppDelegate.swift; sourceTree = "<group>"; };
		7058C81F223A2F3F0023442C /* ImagesViewController.swift */ = {isa = PBXFileReference; lastKnownFileType = sourcecode.swift; path = ImagesViewController.swift; sourceTree = "<group>"; };
		7058C822223A2F3F0023442C /* Base */ = {isa = PBXFileReference; lastKnownFileType = file.storyboard; name = Base; path = Base.lproj/Main.storyboard; sourceTree = "<group>"; };
		7058C824223A2F410023442C /* Assets.xcassets */ = {isa = PBXFileReference; lastKnownFileType = folder.assetcatalog; path = Assets.xcassets; sourceTree = "<group>"; };
		7058C827223A2F420023442C /* Base */ = {isa = PBXFileReference; lastKnownFileType = file.storyboard; name = Base; path = Base.lproj/LaunchScreen.storyboard; sourceTree = "<group>"; };
		7058C829223A2F420023442C /* Info.plist */ = {isa = PBXFileReference; lastKnownFileType = text.plist.xml; path = Info.plist; sourceTree = "<group>"; };
		7058C82E223A2F420023442C /* ImageParserTests.xctest */ = {isa = PBXFileReference; explicitFileType = wrapper.cfbundle; includeInIndex = 0; path = ImageParserTests.xctest; sourceTree = BUILT_PRODUCTS_DIR; };
		7058C832223A2F420023442C /* ImageParserTests.swift */ = {isa = PBXFileReference; lastKnownFileType = sourcecode.swift; path = ImageParserTests.swift; sourceTree = "<group>"; };
		7058C834223A2F420023442C /* Info.plist */ = {isa = PBXFileReference; lastKnownFileType = text.plist.xml; path = Info.plist; sourceTree = "<group>"; };
		7058C839223A2F420023442C /* ImageParserUITests.xctest */ = {isa = PBXFileReference; explicitFileType = wrapper.cfbundle; includeInIndex = 0; path = ImageParserUITests.xctest; sourceTree = BUILT_PRODUCTS_DIR; };
		7058C83D223A2F420023442C /* ImageParserUITests.swift */ = {isa = PBXFileReference; lastKnownFileType = sourcecode.swift; path = ImageParserUITests.swift; sourceTree = "<group>"; };
		7058C83F223A2F420023442C /* Info.plist */ = {isa = PBXFileReference; lastKnownFileType = text.plist.xml; path = Info.plist; sourceTree = "<group>"; };
		7058C84D223A63EB0023442C /* Image.swift */ = {isa = PBXFileReference; lastKnownFileType = sourcecode.swift; path = Image.swift; sourceTree = "<group>"; };
		7058C850223A66D90023442C /* ImageCollectionViewCell.swift */ = {isa = PBXFileReference; lastKnownFileType = sourcecode.swift; path = ImageCollectionViewCell.swift; sourceTree = "<group>"; };
		7058C853223A704F0023442C /* ImageService.swift */ = {isa = PBXFileReference; lastKnownFileType = sourcecode.swift; path = ImageService.swift; sourceTree = "<group>"; };
		7058C855223A97060023442C /* DetailViewController.swift */ = {isa = PBXFileReference; lastKnownFileType = sourcecode.swift; path = DetailViewController.swift; sourceTree = "<group>"; };
		CF705950BA75EE84DE9F8B01 /* Pods-ImageParser.release.xcconfig */ = {isa = PBXFileReference; includeInIndex = 1; lastKnownFileType = text.xcconfig; name = "Pods-ImageParser.release.xcconfig"; path = "Target Support Files/Pods-ImageParser/Pods-ImageParser.release.xcconfig"; sourceTree = "<group>"; };
/* End PBXFileReference section */

/* Begin PBXFrameworksBuildPhase section */
		7058C817223A2F3F0023442C /* Frameworks */ = {
			isa = PBXFrameworksBuildPhase;
			buildActionMask = 2147483647;
			files = (
				9C3A4FF78E5E80B1E811F672 /* Pods_ImageParser.framework in Frameworks */,
			);
			runOnlyForDeploymentPostprocessing = 0;
		};
		7058C82B223A2F420023442C /* Frameworks */ = {
			isa = PBXFrameworksBuildPhase;
			buildActionMask = 2147483647;
			files = (
			);
			runOnlyForDeploymentPostprocessing = 0;
		};
		7058C836223A2F420023442C /* Frameworks */ = {
			isa = PBXFrameworksBuildPhase;
			buildActionMask = 2147483647;
			files = (
			);
			runOnlyForDeploymentPostprocessing = 0;
		};
/* End PBXFrameworksBuildPhase section */

/* Begin PBXGroup section */
		55DA3FE607115396BB397808 /* Frameworks */ = {
			isa = PBXGroup;
			children = (
				3FAF893B89A61AEDF56BFB36 /* Pods_ImageParser.framework */,
			);
			name = Frameworks;
			sourceTree = "<group>";
		};
		7058C811223A2F3F0023442C = {
			isa = PBXGroup;
			children = (
				7058C81C223A2F3F0023442C /* ImageParser */,
				7058C831223A2F420023442C /* ImageParserTests */,
				7058C83C223A2F420023442C /* ImageParserUITests */,
				7058C81B223A2F3F0023442C /* Products */,
				824DA613D7BE3088B4088327 /* Pods */,
				55DA3FE607115396BB397808 /* Frameworks */,
			);
			sourceTree = "<group>";
		};
		7058C81B223A2F3F0023442C /* Products */ = {
			isa = PBXGroup;
			children = (
				7058C81A223A2F3F0023442C /* ImageParser.app */,
				7058C82E223A2F420023442C /* ImageParserTests.xctest */,
				7058C839223A2F420023442C /* ImageParserUITests.xctest */,
			);
			name = Products;
			sourceTree = "<group>";
		};
		7058C81C223A2F3F0023442C /* ImageParser */ = {
			isa = PBXGroup;
			children = (
				7058C852223A70330023442C /* Networking */,
				7058C84F223A66C10023442C /* View */,
				7058C84C223A63D40023442C /* Model */,
				7058C84B223A63BC0023442C /* Controller */,
				7058C821223A2F3F0023442C /* Main.storyboard */,
				7058C81D223A2F3F0023442C /* AppDelegate.swift */,
				7058C824223A2F410023442C /* Assets.xcassets */,
				7058C826223A2F420023442C /* LaunchScreen.storyboard */,
				7058C829223A2F420023442C /* Info.plist */,
			);
			path = ImageParser;
			sourceTree = "<group>";
		};
		7058C831223A2F420023442C /* ImageParserTests */ = {
			isa = PBXGroup;
			children = (
				7058C832223A2F420023442C /* ImageParserTests.swift */,
				7058C834223A2F420023442C /* Info.plist */,
			);
			path = ImageParserTests;
			sourceTree = "<group>";
		};
		7058C83C223A2F420023442C /* ImageParserUITests */ = {
			isa = PBXGroup;
			children = (
				7058C83D223A2F420023442C /* ImageParserUITests.swift */,
				7058C83F223A2F420023442C /* Info.plist */,
			);
			path = ImageParserUITests;
			sourceTree = "<group>";
		};
		7058C84B223A63BC0023442C /* Controller */ = {
			isa = PBXGroup;
			children = (
				7058C81F223A2F3F0023442C /* ImagesViewController.swift */,
				7058C855223A97060023442C /* DetailViewController.swift */,
			);
			path = Controller;
			sourceTree = "<group>";
		};
		7058C84C223A63D40023442C /* Model */ = {
			isa = PBXGroup;
			children = (
				7058C84D223A63EB0023442C /* Image.swift */,
			);
			path = Model;
			sourceTree = "<group>";
		};
		7058C84F223A66C10023442C /* View */ = {
			isa = PBXGroup;
			children = (
				7058C850223A66D90023442C /* ImageCollectionViewCell.swift */,
			);
			path = View;
			sourceTree = "<group>";
		};
		7058C852223A70330023442C /* Networking */ = {
			isa = PBXGroup;
			children = (
				7058C853223A704F0023442C /* ImageService.swift */,
			);
			path = Networking;
			sourceTree = "<group>";
		};
		824DA613D7BE3088B4088327 /* Pods */ = {
			isa = PBXGroup;
			children = (
				21D795291C2C235375665AA6 /* Pods-ImageParser.debug.xcconfig */,
				CF705950BA75EE84DE9F8B01 /* Pods-ImageParser.release.xcconfig */,
			);
			path = Pods;
			sourceTree = "<group>";
		};
/* End PBXGroup section */

/* Begin PBXNativeTarget section */
		7058C819223A2F3F0023442C /* ImageParser */ = {
			isa = PBXNativeTarget;
			buildConfigurationList = 7058C842223A2F420023442C /* Build configuration list for PBXNativeTarget "ImageParser" */;
			buildPhases = (
				B1E9A9F618E955529FCCF2ED /* [CP] Check Pods Manifest.lock */,
				7058C816223A2F3F0023442C /* Sources */,
				7058C817223A2F3F0023442C /* Frameworks */,
				7058C818223A2F3F0023442C /* Resources */,
				BED933E6F6FBAED1DA194C2C /* [CP] Embed Pods Frameworks */,
			);
			buildRules = (
			);
			dependencies = (
			);
			name = ImageParser;
			productName = ImageParser;
			productReference = 7058C81A223A2F3F0023442C /* ImageParser.app */;
			productType = "com.apple.product-type.application";
		};
		7058C82D223A2F420023442C /* ImageParserTests */ = {
			isa = PBXNativeTarget;
			buildConfigurationList = 7058C845223A2F420023442C /* Build configuration list for PBXNativeTarget "ImageParserTests" */;
			buildPhases = (
				7058C82A223A2F420023442C /* Sources */,
				7058C82B223A2F420023442C /* Frameworks */,
				7058C82C223A2F420023442C /* Resources */,
			);
			buildRules = (
			);
			dependencies = (
				7058C830223A2F420023442C /* PBXTargetDependency */,
			);
			name = ImageParserTests;
			productName = ImageParserTests;
			productReference = 7058C82E223A2F420023442C /* ImageParserTests.xctest */;
			productType = "com.apple.product-type.bundle.unit-test";
		};
		7058C838223A2F420023442C /* ImageParserUITests */ = {
			isa = PBXNativeTarget;
			buildConfigurationList = 7058C848223A2F420023442C /* Build configuration list for PBXNativeTarget "ImageParserUITests" */;
			buildPhases = (
				7058C835223A2F420023442C /* Sources */,
				7058C836223A2F420023442C /* Frameworks */,
				7058C837223A2F420023442C /* Resources */,
			);
			buildRules = (
			);
			dependencies = (
				7058C83B223A2F420023442C /* PBXTargetDependency */,
			);
			name = ImageParserUITests;
			productName = ImageParserUITests;
			productReference = 7058C839223A2F420023442C /* ImageParserUITests.xctest */;
			productType = "com.apple.product-type.bundle.ui-testing";
		};
/* End PBXNativeTarget section */

/* Begin PBXProject section */
		7058C812223A2F3F0023442C /* Project object */ = {
			isa = PBXProject;
			attributes = {
				LastSwiftUpdateCheck = 1010;
				LastUpgradeCheck = 1010;
				ORGANIZATIONNAME = "Dariga Akhmetova";
				TargetAttributes = {
					7058C819223A2F3F0023442C = {
						CreatedOnToolsVersion = 10.1;
					};
					7058C82D223A2F420023442C = {
						CreatedOnToolsVersion = 10.1;
						TestTargetID = 7058C819223A2F3F0023442C;
					};
					7058C838223A2F420023442C = {
						CreatedOnToolsVersion = 10.1;
						TestTargetID = 7058C819223A2F3F0023442C;
					};
				};
			};
			buildConfigurationList = 7058C815223A2F3F0023442C /* Build configuration list for PBXProject "ImageParser" */;
			compatibilityVersion = "Xcode 9.3";
			developmentRegion = en;
			hasScannedForEncodings = 0;
			knownRegions = (
				en,
				Base,
			);
			mainGroup = 7058C811223A2F3F0023442C;
			productRefGroup = 7058C81B223A2F3F0023442C /* Products */;
			projectDirPath = "";
			projectRoot = "";
			targets = (
				7058C819223A2F3F0023442C /* ImageParser */,
				7058C82D223A2F420023442C /* ImageParserTests */,
				7058C838223A2F420023442C /* ImageParserUITests */,
			);
		};
/* End PBXProject section */

/* Begin PBXResourcesBuildPhase section */
		7058C818223A2F3F0023442C /* Resources */ = {
			isa = PBXResourcesBuildPhase;
			buildActionMask = 2147483647;
			files = (
				7058C828223A2F420023442C /* LaunchScreen.storyboard in Resources */,
				7058C825223A2F410023442C /* Assets.xcassets in Resources */,
				7058C823223A2F3F0023442C /* Main.storyboard in Resources */,
			);
			runOnlyForDeploymentPostprocessing = 0;
		};
		7058C82C223A2F420023442C /* Resources */ = {
			isa = PBXResourcesBuildPhase;
			buildActionMask = 2147483647;
			files = (
			);
			runOnlyForDeploymentPostprocessing = 0;
		};
		7058C837223A2F420023442C /* Resources */ = {
			isa = PBXResourcesBuildPhase;
			buildActionMask = 2147483647;
			files = (
			);
			runOnlyForDeploymentPostprocessing = 0;
		};
/* End PBXResourcesBuildPhase section */

/* Begin PBXShellScriptBuildPhase section */
		B1E9A9F618E955529FCCF2ED /* [CP] Check Pods Manifest.lock */ = {
			isa = PBXShellScriptBuildPhase;
			buildActionMask = 2147483647;
			files = (
			);
			inputFileListPaths = (
			);
			inputPaths = (
				"${PODS_PODFILE_DIR_PATH}/Podfile.lock",
				"${PODS_ROOT}/Manifest.lock",
			);
			name = "[CP] Check Pods Manifest.lock";
			outputFileListPaths = (
			);
			outputPaths = (
				"$(DERIVED_FILE_DIR)/Pods-ImageParser-checkManifestLockResult.txt",
			);
			runOnlyForDeploymentPostprocessing = 0;
			shellPath = /bin/sh;
			shellScript = "diff \"${PODS_PODFILE_DIR_PATH}/Podfile.lock\" \"${PODS_ROOT}/Manifest.lock\" > /dev/null\nif [ $? != 0 ] ; then\n    # print error to STDERR\n    echo \"error: The sandbox is not in sync with the Podfile.lock. Run 'pod install' or update your CocoaPods installation.\" >&2\n    exit 1\nfi\n# This output is used by Xcode 'outputs' to avoid re-running this script phase.\necho \"SUCCESS\" > \"${SCRIPT_OUTPUT_FILE_0}\"\n";
			showEnvVarsInLog = 0;
		};
		BED933E6F6FBAED1DA194C2C /* [CP] Embed Pods Frameworks */ = {
			isa = PBXShellScriptBuildPhase;
			buildActionMask = 2147483647;
			files = (
			);
			inputFileListPaths = (
			);
			inputPaths = (
				"${PODS_ROOT}/Target Support Files/Pods-ImageParser/Pods-ImageParser-frameworks.sh",
				"${BUILT_PRODUCTS_DIR}/Alamofire/Alamofire.framework",
				"${BUILT_PRODUCTS_DIR}/SDWebImage/SDWebImage.framework",
				"${BUILT_PRODUCTS_DIR}/SVProgressHUD/SVProgressHUD.framework",
				"${BUILT_PRODUCTS_DIR}/SwiftyJSON/SwiftyJSON.framework",
			);
			name = "[CP] Embed Pods Frameworks";
			outputFileListPaths = (
			);
			outputPaths = (
				"${TARGET_BUILD_DIR}/${FRAMEWORKS_FOLDER_PATH}/Alamofire.framework",
				"${TARGET_BUILD_DIR}/${FRAMEWORKS_FOLDER_PATH}/SDWebImage.framework",
				"${TARGET_BUILD_DIR}/${FRAMEWORKS_FOLDER_PATH}/SVProgressHUD.framework",
				"${TARGET_BUILD_DIR}/${FRAMEWORKS_FOLDER_PATH}/SwiftyJSON.framework",
			);
			runOnlyForDeploymentPostprocessing = 0;
			shellPath = /bin/sh;
			shellScript = "\"${PODS_ROOT}/Target Support Files/Pods-ImageParser/Pods-ImageParser-frameworks.sh\"\n";
			showEnvVarsInLog = 0;
		};
/* End PBXShellScriptBuildPhase section */

/* Begin PBXSourcesBuildPhase section */
		7058C816223A2F3F0023442C /* Sources */ = {
			isa = PBXSourcesBuildPhase;
			buildActionMask = 2147483647;
			files = (
				7058C820223A2F3F0023442C /* ImagesViewController.swift in Sources */,
				7058C84E223A63EB0023442C /* Image.swift in Sources */,
				7058C851223A66D90023442C /* ImageCollectionViewCell.swift in Sources */,
				7058C856223A97060023442C /* DetailViewController.swift in Sources */,
				7058C854223A704F0023442C /* ImageService.swift in Sources */,
				7058C81E223A2F3F0023442C /* AppDelegate.swift in Sources */,
			);
			runOnlyForDeploymentPostprocessing = 0;
		};
		7058C82A223A2F420023442C /* Sources */ = {
			isa = PBXSourcesBuildPhase;
			buildActionMask = 2147483647;
			files = (
				7058C833223A2F420023442C /* ImageParserTests.swift in Sources */,
			);
			runOnlyForDeploymentPostprocessing = 0;
		};
		7058C835223A2F420023442C /* Sources */ = {
			isa = PBXSourcesBuildPhase;
			buildActionMask = 2147483647;
			files = (
				7058C83E223A2F420023442C /* ImageParserUITests.swift in Sources */,
			);
			runOnlyForDeploymentPostprocessing = 0;
		};
/* End PBXSourcesBuildPhase section */

/* Begin PBXTargetDependency section */
		7058C830223A2F420023442C /* PBXTargetDependency */ = {
			isa = PBXTargetDependency;
			target = 7058C819223A2F3F0023442C /* ImageParser */;
			targetProxy = 7058C82F223A2F420023442C /* PBXContainerItemProxy */;
		};
		7058C83B223A2F420023442C /* PBXTargetDependency */ = {
			isa = PBXTargetDependency;
			target = 7058C819223A2F3F0023442C /* ImageParser */;
			targetProxy = 7058C83A223A2F420023442C /* PBXContainerItemProxy */;
		};
/* End PBXTargetDependency section */

/* Begin PBXVariantGroup section */
		7058C821223A2F3F0023442C /* Main.storyboard */ = {
			isa = PBXVariantGroup;
			children = (
				7058C822223A2F3F0023442C /* Base */,
			);
			name = Main.storyboard;
			sourceTree = "<group>";
		};
		7058C826223A2F420023442C /* LaunchScreen.storyboard */ = {
			isa = PBXVariantGroup;
			children = (
				7058C827223A2F420023442C /* Base */,
			);
			name = LaunchScreen.storyboard;
			sourceTree = "<group>";
		};
/* End PBXVariantGroup section */

/* Begin XCBuildConfiguration section */
		7058C840223A2F420023442C /* Debug */ = {
			isa = XCBuildConfiguration;
			buildSettings = {
				ALWAYS_SEARCH_USER_PATHS = NO;
				CLANG_ANALYZER_NONNULL = YES;
				CLANG_ANALYZER_NUMBER_OBJECT_CONVERSION = YES_AGGRESSIVE;
				CLANG_CXX_LANGUAGE_STANDARD = "gnu++14";
				CLANG_CXX_LIBRARY = "libc++";
				CLANG_ENABLE_MODULES = YES;
				CLANG_ENABLE_OBJC_ARC = YES;
				CLANG_ENABLE_OBJC_WEAK = YES;
				CLANG_WARN_BLOCK_CAPTURE_AUTORELEASING = YES;
				CLANG_WARN_BOOL_CONVERSION = YES;
				CLANG_WARN_COMMA = YES;
				CLANG_WARN_CONSTANT_CONVERSION = YES;
				CLANG_WARN_DEPRECATED_OBJC_IMPLEMENTATIONS = YES;
				CLANG_WARN_DIRECT_OBJC_ISA_USAGE = YES_ERROR;
				CLANG_WARN_DOCUMENTATION_COMMENTS = YES;
				CLANG_WARN_EMPTY_BODY = YES;
				CLANG_WARN_ENUM_CONVERSION = YES;
				CLANG_WARN_INFINITE_RECURSION = YES;
				CLANG_WARN_INT_CONVERSION = YES;
				CLANG_WARN_NON_LITERAL_NULL_CONVERSION = YES;
				CLANG_WARN_OBJC_IMPLICIT_RETAIN_SELF = YES;
				CLANG_WARN_OBJC_LITERAL_CONVERSION = YES;
				CLANG_WARN_OBJC_ROOT_CLASS = YES_ERROR;
				CLANG_WARN_RANGE_LOOP_ANALYSIS = YES;
				CLANG_WARN_STRICT_PROTOTYPES = YES;
				CLANG_WARN_SUSPICIOUS_MOVE = YES;
				CLANG_WARN_UNGUARDED_AVAILABILITY = YES_AGGRESSIVE;
				CLANG_WARN_UNREACHABLE_CODE = YES;
				CLANG_WARN__DUPLICATE_METHOD_MATCH = YES;
				CODE_SIGN_IDENTITY = "iPhone Developer";
				COPY_PHASE_STRIP = NO;
				DEBUG_INFORMATION_FORMAT = dwarf;
				ENABLE_STRICT_OBJC_MSGSEND = YES;
				ENABLE_TESTABILITY = YES;
				GCC_C_LANGUAGE_STANDARD = gnu11;
				GCC_DYNAMIC_NO_PIC = NO;
				GCC_NO_COMMON_BLOCKS = YES;
				GCC_OPTIMIZATION_LEVEL = 0;
				GCC_PREPROCESSOR_DEFINITIONS = (
					"DEBUG=1",
					"$(inherited)",
				);
				GCC_WARN_64_TO_32_BIT_CONVERSION = YES;
				GCC_WARN_ABOUT_RETURN_TYPE = YES_ERROR;
				GCC_WARN_UNDECLARED_SELECTOR = YES;
				GCC_WARN_UNINITIALIZED_AUTOS = YES_AGGRESSIVE;
				GCC_WARN_UNUSED_FUNCTION = YES;
				GCC_WARN_UNUSED_VARIABLE = YES;
				IPHONEOS_DEPLOYMENT_TARGET = 12.1;
				MTL_ENABLE_DEBUG_INFO = INCLUDE_SOURCE;
				MTL_FAST_MATH = YES;
				ONLY_ACTIVE_ARCH = YES;
				SDKROOT = iphoneos;
				SWIFT_ACTIVE_COMPILATION_CONDITIONS = DEBUG;
				SWIFT_OPTIMIZATION_LEVEL = "-Onone";
			};
			name = Debug;
		};
		7058C841223A2F420023442C /* Release */ = {
			isa = XCBuildConfiguration;
			buildSettings = {
				ALWAYS_SEARCH_USER_PATHS = NO;
				CLANG_ANALYZER_NONNULL = YES;
				CLANG_ANALYZER_NUMBER_OBJECT_CONVERSION = YES_AGGRESSIVE;
				CLANG_CXX_LANGUAGE_STANDARD = "gnu++14";
				CLANG_CXX_LIBRARY = "libc++";
				CLANG_ENABLE_MODULES = YES;
				CLANG_ENABLE_OBJC_ARC = YES;
				CLANG_ENABLE_OBJC_WEAK = YES;
				CLANG_WARN_BLOCK_CAPTURE_AUTORELEASING = YES;
				CLANG_WARN_BOOL_CONVERSION = YES;
				CLANG_WARN_COMMA = YES;
				CLANG_WARN_CONSTANT_CONVERSION = YES;
				CLANG_WARN_DEPRECATED_OBJC_IMPLEMENTATIONS = YES;
				CLANG_WARN_DIRECT_OBJC_ISA_USAGE = YES_ERROR;
				CLANG_WARN_DOCUMENTATION_COMMENTS = YES;
				CLANG_WARN_EMPTY_BODY = YES;
				CLANG_WARN_ENUM_CONVERSION = YES;
				CLANG_WARN_INFINITE_RECURSION = YES;
				CLANG_WARN_INT_CONVERSION = YES;
				CLANG_WARN_NON_LITERAL_NULL_CONVERSION = YES;
				CLANG_WARN_OBJC_IMPLICIT_RETAIN_SELF = YES;
				CLANG_WARN_OBJC_LITERAL_CONVERSION = YES;
				CLANG_WARN_OBJC_ROOT_CLASS = YES_ERROR;
				CLANG_WARN_RANGE_LOOP_ANALYSIS = YES;
				CLANG_WARN_STRICT_PROTOTYPES = YES;
				CLANG_WARN_SUSPICIOUS_MOVE = YES;
				CLANG_WARN_UNGUARDED_AVAILABILITY = YES_AGGRESSIVE;
				CLANG_WARN_UNREACHABLE_CODE = YES;
				CLANG_WARN__DUPLICATE_METHOD_MATCH = YES;
				CODE_SIGN_IDENTITY = "iPhone Developer";
				COPY_PHASE_STRIP = NO;
				DEBUG_INFORMATION_FORMAT = "dwarf-with-dsym";
				ENABLE_NS_ASSERTIONS = NO;
				ENABLE_STRICT_OBJC_MSGSEND = YES;
				GCC_C_LANGUAGE_STANDARD = gnu11;
				GCC_NO_COMMON_BLOCKS = YES;
				GCC_WARN_64_TO_32_BIT_CONVERSION = YES;
				GCC_WARN_ABOUT_RETURN_TYPE = YES_ERROR;
				GCC_WARN_UNDECLARED_SELECTOR = YES;
				GCC_WARN_UNINITIALIZED_AUTOS = YES_AGGRESSIVE;
				GCC_WARN_UNUSED_FUNCTION = YES;
				GCC_WARN_UNUSED_VARIABLE = YES;
				IPHONEOS_DEPLOYMENT_TARGET = 12.1;
				MTL_ENABLE_DEBUG_INFO = NO;
				MTL_FAST_MATH = YES;
				SDKROOT = iphoneos;
				SWIFT_COMPILATION_MODE = wholemodule;
				SWIFT_OPTIMIZATION_LEVEL = "-O";
				VALIDATE_PRODUCT = YES;
			};
			name = Release;
		};
		7058C843223A2F420023442C /* Debug */ = {
			isa = XCBuildConfiguration;
			baseConfigurationReference = 21D795291C2C235375665AA6 /* Pods-ImageParser.debug.xcconfig */;
			buildSettings = {
				ASSETCATALOG_COMPILER_APPICON_NAME = AppIcon;
				CODE_SIGN_STYLE = Automatic;
				DEVELOPMENT_TEAM = SP5X42WRR9;
				INFOPLIST_FILE = ImageParser/Info.plist;
				LD_RUNPATH_SEARCH_PATHS = (
					"$(inherited)",
					"@executable_path/Frameworks",
				);
				PRODUCT_BUNDLE_IDENTIFIER = Darigummy.ImageParser;
				PRODUCT_NAME = "$(TARGET_NAME)";
				SWIFT_VERSION = 4.2;
				TARGETED_DEVICE_FAMILY = "1,2";
			};
			name = Debug;
		};
		7058C844223A2F420023442C /* Release */ = {
			isa = XCBuildConfiguration;
			baseConfigurationReference = CF705950BA75EE84DE9F8B01 /* Pods-ImageParser.release.xcconfig */;
			buildSettings = {
				ASSETCATALOG_COMPILER_APPICON_NAME = AppIcon;
				CODE_SIGN_STYLE = Automatic;
				DEVELOPMENT_TEAM = SP5X42WRR9;
				INFOPLIST_FILE = ImageParser/Info.plist;
				LD_RUNPATH_SEARCH_PATHS = (
					"$(inherited)",
					"@executable_path/Frameworks",
				);
				PRODUCT_BUNDLE_IDENTIFIER = Darigummy.ImageParser;
				PRODUCT_NAME = "$(TARGET_NAME)";
				SWIFT_VERSION = 4.2;
				TARGETED_DEVICE_FAMILY = "1,2";
			};
			name = Release;
		};
		7058C846223A2F420023442C /* Debug */ = {
			isa = XCBuildConfiguration;
			buildSettings = {
				ALWAYS_EMBED_SWIFT_STANDARD_LIBRARIES = YES;
				BUNDLE_LOADER = "$(TEST_HOST)";
				CODE_SIGN_STYLE = Automatic;
				DEVELOPMENT_TEAM = SP5X42WRR9;
				INFOPLIST_FILE = ImageParserTests/Info.plist;
				LD_RUNPATH_SEARCH_PATHS = (
					"$(inherited)",
					"@executable_path/Frameworks",
					"@loader_path/Frameworks",
				);
				PRODUCT_BUNDLE_IDENTIFIER = Darigummy.ImageParserTests;
				PRODUCT_NAME = "$(TARGET_NAME)";
				SWIFT_VERSION = 4.2;
				TARGETED_DEVICE_FAMILY = "1,2";
				TEST_HOST = "$(BUILT_PRODUCTS_DIR)/ImageParser.app/ImageParser";
			};
			name = Debug;
		};
		7058C847223A2F420023442C /* Release */ = {
			isa = XCBuildConfiguration;
			buildSettings = {
				ALWAYS_EMBED_SWIFT_STANDARD_LIBRARIES = YES;
				BUNDLE_LOADER = "$(TEST_HOST)";
				CODE_SIGN_STYLE = Automatic;
				DEVELOPMENT_TEAM = SP5X42WRR9;
				INFOPLIST_FILE = ImageParserTests/Info.plist;
				LD_RUNPATH_SEARCH_PATHS = (
					"$(inherited)",
					"@executable_path/Frameworks",
					"@loader_path/Frameworks",
				);
				PRODUCT_BUNDLE_IDENTIFIER = Darigummy.ImageParserTests;
				PRODUCT_NAME = "$(TARGET_NAME)";
				SWIFT_VERSION = 4.2;
				TARGETED_DEVICE_FAMILY = "1,2";
				TEST_HOST = "$(BUILT_PRODUCTS_DIR)/ImageParser.app/ImageParser";
			};
			name = Release;
		};
		7058C849223A2F420023442C /* Debug */ = {
			isa = XCBuildConfiguration;
			buildSettings = {
				ALWAYS_EMBED_SWIFT_STANDARD_LIBRARIES = YES;
				CODE_SIGN_STYLE = Automatic;
				DEVELOPMENT_TEAM = SP5X42WRR9;
				INFOPLIST_FILE = ImageParserUITests/Info.plist;
				LD_RUNPATH_SEARCH_PATHS = (
					"$(inherited)",
					"@executable_path/Frameworks",
					"@loader_path/Frameworks",
				);
				PRODUCT_BUNDLE_IDENTIFIER = Darigummy.ImageParserUITests;
				PRODUCT_NAME = "$(TARGET_NAME)";
				SWIFT_VERSION = 4.2;
				TARGETED_DEVICE_FAMILY = "1,2";
				TEST_TARGET_NAME = ImageParser;
			};
			name = Debug;
		};
		7058C84A223A2F420023442C /* Release */ = {
			isa = XCBuildConfiguration;
			buildSettings = {
				ALWAYS_EMBED_SWIFT_STANDARD_LIBRARIES = YES;
				CODE_SIGN_STYLE = Automatic;
				DEVELOPMENT_TEAM = SP5X42WRR9;
				INFOPLIST_FILE = ImageParserUITests/Info.plist;
				LD_RUNPATH_SEARCH_PATHS = (
					"$(inherited)",
					"@executable_path/Frameworks",
					"@loader_path/Frameworks",
				);
				PRODUCT_BUNDLE_IDENTIFIER = Darigummy.ImageParserUITests;
				PRODUCT_NAME = "$(TARGET_NAME)";
				SWIFT_VERSION = 4.2;
				TARGETED_DEVICE_FAMILY = "1,2";
				TEST_TARGET_NAME = ImageParser;
			};
			name = Release;
		};
/* End XCBuildConfiguration section */

/* Begin XCConfigurationList section */
		7058C815223A2F3F0023442C /* Build configuration list for PBXProject "ImageParser" */ = {
			isa = XCConfigurationList;
			buildConfigurations = (
				7058C840223A2F420023442C /* Debug */,
				7058C841223A2F420023442C /* Release */,
			);
			defaultConfigurationIsVisible = 0;
			defaultConfigurationName = Release;
		};
		7058C842223A2F420023442C /* Build configuration list for PBXNativeTarget "ImageParser" */ = {
			isa = XCConfigurationList;
			buildConfigurations = (
				7058C843223A2F420023442C /* Debug */,
				7058C844223A2F420023442C /* Release */,
			);
			defaultConfigurationIsVisible = 0;
			defaultConfigurationName = Release;
		};
		7058C845223A2F420023442C /* Build configuration list for PBXNativeTarget "ImageParserTests" */ = {
			isa = XCConfigurationList;
			buildConfigurations = (
				7058C846223A2F420023442C /* Debug */,
				7058C847223A2F420023442C /* Release */,
			);
			defaultConfigurationIsVisible = 0;
			defaultConfigurationName = Release;
		};
		7058C848223A2F420023442C /* Build configuration list for PBXNativeTarget "ImageParserUITests" */ = {
			isa = XCConfigurationList;
			buildConfigurations = (
				7058C849223A2F420023442C /* Debug */,
				7058C84A223A2F420023442C /* Release */,
			);
			defaultConfigurationIsVisible = 0;
			defaultConfigurationName = Release;
		};
/* End XCConfigurationList section */
	};
	rootObject = 7058C812223A2F3F0023442C /* Project object */;
}
