// !$*UTF8*$!
{
	archiveVersion = 1;
	classes = {
	};
	objectVersion = 50;
	objects = {

/* Begin PBXBuildFile section */
		70FF8DC1222E409500C7C6CB /* AppDelegate.swift in Sources */ = {isa = PBXBuildFile; fileRef = 70FF8DC0222E409500C7C6CB /* AppDelegate.swift */; };
		70FF8DC3222E409500C7C6CB /* ContactListViewController.swift in Sources */ = {isa = PBXBuildFile; fileRef = 70FF8DC2222E409500C7C6CB /* ContactListViewController.swift */; };
		70FF8DC8222E409800C7C6CB /* Assets.xcassets in Resources */ = {isa = PBXBuildFile; fileRef = 70FF8DC7222E409800C7C6CB /* Assets.xcassets */; };
		70FF8DCB222E409800C7C6CB /* LaunchScreen.storyboard in Resources */ = {isa = PBXBuildFile; fileRef = 70FF8DC9222E409800C7C6CB /* LaunchScreen.storyboard */; };
		70FF8DD6222E409800C7C6CB /* ContactsTests.swift in Sources */ = {isa = PBXBuildFile; fileRef = 70FF8DD5222E409800C7C6CB /* ContactsTests.swift */; };
		70FF8DE1222E409800C7C6CB /* ContactsUITests.swift in Sources */ = {isa = PBXBuildFile; fileRef = 70FF8DE0222E409800C7C6CB /* ContactsUITests.swift */; };
		70FF8DEF22303AB500C7C6CB /* ContactDetailViewController.swift in Sources */ = {isa = PBXBuildFile; fileRef = 70FF8DEE22303AB500C7C6CB /* ContactDetailViewController.swift */; };
		70FF8DFA223043FC00C7C6CB /*  Main.storyboard in Resources */ = {isa = PBXBuildFile; fileRef = 70FF8DF8223043FC00C7C6CB /*  Main.storyboard */; };
/* End PBXBuildFile section */

/* Begin PBXContainerItemProxy section */
		70FF8DD2222E409800C7C6CB /* PBXContainerItemProxy */ = {
			isa = PBXContainerItemProxy;
			containerPortal = 70FF8DB5222E409500C7C6CB /* Project object */;
			proxyType = 1;
			remoteGlobalIDString = 70FF8DBC222E409500C7C6CB;
			remoteInfo = Contacts;
		};
		70FF8DDD222E409800C7C6CB /* PBXContainerItemProxy */ = {
			isa = PBXContainerItemProxy;
			containerPortal = 70FF8DB5222E409500C7C6CB /* Project object */;
			proxyType = 1;
			remoteGlobalIDString = 70FF8DBC222E409500C7C6CB;
			remoteInfo = Contacts;
		};
/* End PBXContainerItemProxy section */

/* Begin PBXFileReference section */
		70FF8DBD222E409500C7C6CB /* Contacts.app */ = {isa = PBXFileReference; explicitFileType = wrapper.application; includeInIndex = 0; path = Contacts.app; sourceTree = BUILT_PRODUCTS_DIR; };
		70FF8DC0222E409500C7C6CB /* AppDelegate.swift */ = {isa = PBXFileReference; lastKnownFileType = sourcecode.swift; path = AppDelegate.swift; sourceTree = "<group>"; };
		70FF8DC2222E409500C7C6CB /* ContactListViewController.swift */ = {isa = PBXFileReference; lastKnownFileType = sourcecode.swift; path = ContactListViewController.swift; sourceTree = "<group>"; };
		70FF8DC7222E409800C7C6CB /* Assets.xcassets */ = {isa = PBXFileReference; lastKnownFileType = folder.assetcatalog; path = Assets.xcassets; sourceTree = "<group>"; };
		70FF8DCA222E409800C7C6CB /* Base */ = {isa = PBXFileReference; lastKnownFileType = file.storyboard; name = Base; path = Base.lproj/LaunchScreen.storyboard; sourceTree = "<group>"; };
		70FF8DCC222E409800C7C6CB /* Info.plist */ = {isa = PBXFileReference; lastKnownFileType = text.plist.xml; path = Info.plist; sourceTree = "<group>"; };
		70FF8DD1222E409800C7C6CB /* ContactsTests.xctest */ = {isa = PBXFileReference; explicitFileType = wrapper.cfbundle; includeInIndex = 0; path = ContactsTests.xctest; sourceTree = BUILT_PRODUCTS_DIR; };
		70FF8DD5222E409800C7C6CB /* ContactsTests.swift */ = {isa = PBXFileReference; lastKnownFileType = sourcecode.swift; path = ContactsTests.swift; sourceTree = "<group>"; };
		70FF8DD7222E409800C7C6CB /* Info.plist */ = {isa = PBXFileReference; lastKnownFileType = text.plist.xml; path = Info.plist; sourceTree = "<group>"; };
		70FF8DDC222E409800C7C6CB /* ContactsUITests.xctest */ = {isa = PBXFileReference; explicitFileType = wrapper.cfbundle; includeInIndex = 0; path = ContactsUITests.xctest; sourceTree = BUILT_PRODUCTS_DIR; };
		70FF8DE0222E409800C7C6CB /* ContactsUITests.swift */ = {isa = PBXFileReference; lastKnownFileType = sourcecode.swift; path = ContactsUITests.swift; sourceTree = "<group>"; };
		70FF8DE2222E409800C7C6CB /* Info.plist */ = {isa = PBXFileReference; lastKnownFileType = text.plist.xml; path = Info.plist; sourceTree = "<group>"; };
		70FF8DEE22303AB500C7C6CB /* ContactDetailViewController.swift */ = {isa = PBXFileReference; lastKnownFileType = sourcecode.swift; path = ContactDetailViewController.swift; sourceTree = "<group>"; };
		70FF8DF9223043FC00C7C6CB /* Base */ = {isa = PBXFileReference; lastKnownFileType = file.storyboard; name = Base; path = "Base.lproj/ Main.storyboard"; sourceTree = "<group>"; };
/* End PBXFileReference section */

/* Begin PBXFrameworksBuildPhase section */
		70FF8DBA222E409500C7C6CB /* Frameworks */ = {
			isa = PBXFrameworksBuildPhase;
			buildActionMask = 2147483647;
			files = (
			);
			runOnlyForDeploymentPostprocessing = 0;
		};
		70FF8DCE222E409800C7C6CB /* Frameworks */ = {
			isa = PBXFrameworksBuildPhase;
			buildActionMask = 2147483647;
			files = (
			);
			runOnlyForDeploymentPostprocessing = 0;
		};
		70FF8DD9222E409800C7C6CB /* Frameworks */ = {
			isa = PBXFrameworksBuildPhase;
			buildActionMask = 2147483647;
			files = (
			);
			runOnlyForDeploymentPostprocessing = 0;
		};
/* End PBXFrameworksBuildPhase section */

/* Begin PBXGroup section */
		70FF8DB4222E409500C7C6CB = {
			isa = PBXGroup;
			children = (
				70FF8DBF222E409500C7C6CB /* Contacts */,
				70FF8DD4222E409800C7C6CB /* ContactsTests */,
				70FF8DDF222E409800C7C6CB /* ContactsUITests */,
				70FF8DBE222E409500C7C6CB /* Products */,
			);
			sourceTree = "<group>";
		};
		70FF8DBE222E409500C7C6CB /* Products */ = {
			isa = PBXGroup;
			children = (
				70FF8DBD222E409500C7C6CB /* Contacts.app */,
				70FF8DD1222E409800C7C6CB /* ContactsTests.xctest */,
				70FF8DDC222E409800C7C6CB /* ContactsUITests.xctest */,
			);
			name = Products;
			sourceTree = "<group>";
		};
		70FF8DBF222E409500C7C6CB /* Contacts */ = {
			isa = PBXGroup;
			children = (
				70FF8DF8223043FC00C7C6CB /*  Main.storyboard */,
				70FF8DC0222E409500C7C6CB /* AppDelegate.swift */,
				70FF8DC7222E409800C7C6CB /* Assets.xcassets */,
				70FF8DC9222E409800C7C6CB /* LaunchScreen.storyboard */,
				70FF8DCC222E409800C7C6CB /* Info.plist */,
				70FF8DF022303AC400C7C6CB /* Controller */,
			);
			path = Contacts;
			sourceTree = "<group>";
		};
		70FF8DD4222E409800C7C6CB /* ContactsTests */ = {
			isa = PBXGroup;
			children = (
				70FF8DD5222E409800C7C6CB /* ContactsTests.swift */,
				70FF8DD7222E409800C7C6CB /* Info.plist */,
			);
			path = ContactsTests;
			sourceTree = "<group>";
		};
		70FF8DDF222E409800C7C6CB /* ContactsUITests */ = {
			isa = PBXGroup;
			children = (
				70FF8DE0222E409800C7C6CB /* ContactsUITests.swift */,
				70FF8DE2222E409800C7C6CB /* Info.plist */,
			);
			path = ContactsUITests;
			sourceTree = "<group>";
		};
		70FF8DF022303AC400C7C6CB /* Controller */ = {
			isa = PBXGroup;
			children = (
				70FF8DEE22303AB500C7C6CB /* ContactDetailViewController.swift */,
				70FF8DC2222E409500C7C6CB /* ContactListViewController.swift */,
			);
			path = Controller;
			sourceTree = "<group>";
		};
/* End PBXGroup section */

/* Begin PBXNativeTarget section */
		70FF8DBC222E409500C7C6CB /* Contacts */ = {
			isa = PBXNativeTarget;
			buildConfigurationList = 70FF8DE5222E409800C7C6CB /* Build configuration list for PBXNativeTarget "Contacts" */;
			buildPhases = (
				70FF8DB9222E409500C7C6CB /* Sources */,
				70FF8DBA222E409500C7C6CB /* Frameworks */,
				70FF8DBB222E409500C7C6CB /* Resources */,
			);
			buildRules = (
			);
			dependencies = (
			);
			name = Contacts;
			productName = Contacts;
			productReference = 70FF8DBD222E409500C7C6CB /* Contacts.app */;
			productType = "com.apple.product-type.application";
		};
		70FF8DD0222E409800C7C6CB /* ContactsTests */ = {
			isa = PBXNativeTarget;
			buildConfigurationList = 70FF8DE8222E409800C7C6CB /* Build configuration list for PBXNativeTarget "ContactsTests" */;
			buildPhases = (
				70FF8DCD222E409800C7C6CB /* Sources */,
				70FF8DCE222E409800C7C6CB /* Frameworks */,
				70FF8DCF222E409800C7C6CB /* Resources */,
			);
			buildRules = (
			);
			dependencies = (
				70FF8DD3222E409800C7C6CB /* PBXTargetDependency */,
			);
			name = ContactsTests;
			productName = ContactsTests;
			productReference = 70FF8DD1222E409800C7C6CB /* ContactsTests.xctest */;
			productType = "com.apple.product-type.bundle.unit-test";
		};
		70FF8DDB222E409800C7C6CB /* ContactsUITests */ = {
			isa = PBXNativeTarget;
			buildConfigurationList = 70FF8DEB222E409800C7C6CB /* Build configuration list for PBXNativeTarget "ContactsUITests" */;
			buildPhases = (
				70FF8DD8222E409800C7C6CB /* Sources */,
				70FF8DD9222E409800C7C6CB /* Frameworks */,
				70FF8DDA222E409800C7C6CB /* Resources */,
			);
			buildRules = (
			);
			dependencies = (
				70FF8DDE222E409800C7C6CB /* PBXTargetDependency */,
			);
			name = ContactsUITests;
			productName = ContactsUITests;
			productReference = 70FF8DDC222E409800C7C6CB /* ContactsUITests.xctest */;
			productType = "com.apple.product-type.bundle.ui-testing";
		};
/* End PBXNativeTarget section */

/* Begin PBXProject section */
		70FF8DB5222E409500C7C6CB /* Project object */ = {
			isa = PBXProject;
			attributes = {
				LastSwiftUpdateCheck = 1010;
				LastUpgradeCheck = 1010;
				ORGANIZATIONNAME = "Dariga Akhmetova";
				TargetAttributes = {
					70FF8DBC222E409500C7C6CB = {
						CreatedOnToolsVersion = 10.1;
					};
					70FF8DD0222E409800C7C6CB = {
						CreatedOnToolsVersion = 10.1;
						TestTargetID = 70FF8DBC222E409500C7C6CB;
					};
					70FF8DDB222E409800C7C6CB = {
						CreatedOnToolsVersion = 10.1;
						TestTargetID = 70FF8DBC222E409500C7C6CB;
					};
				};
			};
			buildConfigurationList = 70FF8DB8222E409500C7C6CB /* Build configuration list for PBXProject "Contacts" */;
			compatibilityVersion = "Xcode 9.3";
			developmentRegion = en;
			hasScannedForEncodings = 0;
			knownRegions = (
				en,
				Base,
			);
			mainGroup = 70FF8DB4222E409500C7C6CB;
			productRefGroup = 70FF8DBE222E409500C7C6CB /* Products */;
			projectDirPath = "";
			projectRoot = "";
			targets = (
				70FF8DBC222E409500C7C6CB /* Contacts */,
				70FF8DD0222E409800C7C6CB /* ContactsTests */,
				70FF8DDB222E409800C7C6CB /* ContactsUITests */,
			);
		};
/* End PBXProject section */

/* Begin PBXResourcesBuildPhase section */
		70FF8DBB222E409500C7C6CB /* Resources */ = {
			isa = PBXResourcesBuildPhase;
			buildActionMask = 2147483647;
			files = (
				70FF8DFA223043FC00C7C6CB /*  Main.storyboard in Resources */,
				70FF8DCB222E409800C7C6CB /* LaunchScreen.storyboard in Resources */,
				70FF8DC8222E409800C7C6CB /* Assets.xcassets in Resources */,
			);
			runOnlyForDeploymentPostprocessing = 0;
		};
		70FF8DCF222E409800C7C6CB /* Resources */ = {
			isa = PBXResourcesBuildPhase;
			buildActionMask = 2147483647;
			files = (
			);
			runOnlyForDeploymentPostprocessing = 0;
		};
		70FF8DDA222E409800C7C6CB /* Resources */ = {
			isa = PBXResourcesBuildPhase;
			buildActionMask = 2147483647;
			files = (
			);
			runOnlyForDeploymentPostprocessing = 0;
		};
/* End PBXResourcesBuildPhase section */

/* Begin PBXSourcesBuildPhase section */
		70FF8DB9222E409500C7C6CB /* Sources */ = {
			isa = PBXSourcesBuildPhase;
			buildActionMask = 2147483647;
			files = (
				70FF8DC3222E409500C7C6CB /* ContactListViewController.swift in Sources */,
				70FF8DEF22303AB500C7C6CB /* ContactDetailViewController.swift in Sources */,
				70FF8DC1222E409500C7C6CB /* AppDelegate.swift in Sources */,
			);
			runOnlyForDeploymentPostprocessing = 0;
		};
		70FF8DCD222E409800C7C6CB /* Sources */ = {
			isa = PBXSourcesBuildPhase;
			buildActionMask = 2147483647;
			files = (
				70FF8DD6222E409800C7C6CB /* ContactsTests.swift in Sources */,
			);
			runOnlyForDeploymentPostprocessing = 0;
		};
		70FF8DD8222E409800C7C6CB /* Sources */ = {
			isa = PBXSourcesBuildPhase;
			buildActionMask = 2147483647;
			files = (
				70FF8DE1222E409800C7C6CB /* ContactsUITests.swift in Sources */,
			);
			runOnlyForDeploymentPostprocessing = 0;
		};
/* End PBXSourcesBuildPhase section */

/* Begin PBXTargetDependency section */
		70FF8DD3222E409800C7C6CB /* PBXTargetDependency */ = {
			isa = PBXTargetDependency;
			target = 70FF8DBC222E409500C7C6CB /* Contacts */;
			targetProxy = 70FF8DD2222E409800C7C6CB /* PBXContainerItemProxy */;
		};
		70FF8DDE222E409800C7C6CB /* PBXTargetDependency */ = {
			isa = PBXTargetDependency;
			target = 70FF8DBC222E409500C7C6CB /* Contacts */;
			targetProxy = 70FF8DDD222E409800C7C6CB /* PBXContainerItemProxy */;
		};
/* End PBXTargetDependency section */

/* Begin PBXVariantGroup section */
		70FF8DC9222E409800C7C6CB /* LaunchScreen.storyboard */ = {
			isa = PBXVariantGroup;
			children = (
				70FF8DCA222E409800C7C6CB /* Base */,
			);
			name = LaunchScreen.storyboard;
			sourceTree = "<group>";
		};
		70FF8DF8223043FC00C7C6CB /*  Main.storyboard */ = {
			isa = PBXVariantGroup;
			children = (
				70FF8DF9223043FC00C7C6CB /* Base */,
			);
			name = " Main.storyboard";
			path = Contacts;
			sourceTree = SOURCE_ROOT;
		};
/* End PBXVariantGroup section */

/* Begin XCBuildConfiguration section */
		70FF8DE3222E409800C7C6CB /* Debug */ = {
			isa = XCBuildConfiguration;
			buildSettings = {
				ALWAYS_SEARCH_USER_PATHS = NO;
				CLANG_ANALYZER_NONNULL = YES;
				CLANG_ANALYZER_NUMBER_OBJECT_CONVERSION = YES_AGGRESSIVE;
				CLANG_CXX_LANGUAGE_STANDARD = "gnu++14";
				CLANG_CXX_LIBRARY = "libc++";
				CLANG_ENABLE_MODULES = YES;
				CLANG_ENABLE_OBJC_ARC = YES;
				CLANG_ENABLE_OBJC_WEAK = YES;
				CLANG_WARN_BLOCK_CAPTURE_AUTORELEASING = YES;
				CLANG_WARN_BOOL_CONVERSION = YES;
				CLANG_WARN_COMMA = YES;
				CLANG_WARN_CONSTANT_CONVERSION = YES;
				CLANG_WARN_DEPRECATED_OBJC_IMPLEMENTATIONS = YES;
				CLANG_WARN_DIRECT_OBJC_ISA_USAGE = YES_ERROR;
				CLANG_WARN_DOCUMENTATION_COMMENTS = YES;
				CLANG_WARN_EMPTY_BODY = YES;
				CLANG_WARN_ENUM_CONVERSION = YES;
				CLANG_WARN_INFINITE_RECURSION = YES;
				CLANG_WARN_INT_CONVERSION = YES;
				CLANG_WARN_NON_LITERAL_NULL_CONVERSION = YES;
				CLANG_WARN_OBJC_IMPLICIT_RETAIN_SELF = YES;
				CLANG_WARN_OBJC_LITERAL_CONVERSION = YES;
				CLANG_WARN_OBJC_ROOT_CLASS = YES_ERROR;
				CLANG_WARN_RANGE_LOOP_ANALYSIS = YES;
				CLANG_WARN_STRICT_PROTOTYPES = YES;
				CLANG_WARN_SUSPICIOUS_MOVE = YES;
				CLANG_WARN_UNGUARDED_AVAILABILITY = YES_AGGRESSIVE;
				CLANG_WARN_UNREACHABLE_CODE = YES;
				CLANG_WARN__DUPLICATE_METHOD_MATCH = YES;
				CODE_SIGN_IDENTITY = "iPhone Developer";
				COPY_PHASE_STRIP = NO;
				DEBUG_INFORMATION_FORMAT = dwarf;
				ENABLE_STRICT_OBJC_MSGSEND = YES;
				ENABLE_TESTABILITY = YES;
				GCC_C_LANGUAGE_STANDARD = gnu11;
				GCC_DYNAMIC_NO_PIC = NO;
				GCC_NO_COMMON_BLOCKS = YES;
				GCC_OPTIMIZATION_LEVEL = 0;
				GCC_PREPROCESSOR_DEFINITIONS = (
					"DEBUG=1",
					"$(inherited)",
				);
				GCC_WARN_64_TO_32_BIT_CONVERSION = YES;
				GCC_WARN_ABOUT_RETURN_TYPE = YES_ERROR;
				GCC_WARN_UNDECLARED_SELECTOR = YES;
				GCC_WARN_UNINITIALIZED_AUTOS = YES_AGGRESSIVE;
				GCC_WARN_UNUSED_FUNCTION = YES;
				GCC_WARN_UNUSED_VARIABLE = YES;
				IPHONEOS_DEPLOYMENT_TARGET = 12.1;
				MTL_ENABLE_DEBUG_INFO = INCLUDE_SOURCE;
				MTL_FAST_MATH = YES;
				ONLY_ACTIVE_ARCH = YES;
				SDKROOT = iphoneos;
				SWIFT_ACTIVE_COMPILATION_CONDITIONS = DEBUG;
				SWIFT_OPTIMIZATION_LEVEL = "-Onone";
			};
			name = Debug;
		};
		70FF8DE4222E409800C7C6CB /* Release */ = {
			isa = XCBuildConfiguration;
			buildSettings = {
				ALWAYS_SEARCH_USER_PATHS = NO;
				CLANG_ANALYZER_NONNULL = YES;
				CLANG_ANALYZER_NUMBER_OBJECT_CONVERSION = YES_AGGRESSIVE;
				CLANG_CXX_LANGUAGE_STANDARD = "gnu++14";
				CLANG_CXX_LIBRARY = "libc++";
				CLANG_ENABLE_MODULES = YES;
				CLANG_ENABLE_OBJC_ARC = YES;
				CLANG_ENABLE_OBJC_WEAK = YES;
				CLANG_WARN_BLOCK_CAPTURE_AUTORELEASING = YES;
				CLANG_WARN_BOOL_CONVERSION = YES;
				CLANG_WARN_COMMA = YES;
				CLANG_WARN_CONSTANT_CONVERSION = YES;
				CLANG_WARN_DEPRECATED_OBJC_IMPLEMENTATIONS = YES;
				CLANG_WARN_DIRECT_OBJC_ISA_USAGE = YES_ERROR;
				CLANG_WARN_DOCUMENTATION_COMMENTS = YES;
				CLANG_WARN_EMPTY_BODY = YES;
				CLANG_WARN_ENUM_CONVERSION = YES;
				CLANG_WARN_INFINITE_RECURSION = YES;
				CLANG_WARN_INT_CONVERSION = YES;
				CLANG_WARN_NON_LITERAL_NULL_CONVERSION = YES;
				CLANG_WARN_OBJC_IMPLICIT_RETAIN_SELF = YES;
				CLANG_WARN_OBJC_LITERAL_CONVERSION = YES;
				CLANG_WARN_OBJC_ROOT_CLASS = YES_ERROR;
				CLANG_WARN_RANGE_LOOP_ANALYSIS = YES;
				CLANG_WARN_STRICT_PROTOTYPES = YES;
				CLANG_WARN_SUSPICIOUS_MOVE = YES;
				CLANG_WARN_UNGUARDED_AVAILABILITY = YES_AGGRESSIVE;
				CLANG_WARN_UNREACHABLE_CODE = YES;
				CLANG_WARN__DUPLICATE_METHOD_MATCH = YES;
				CODE_SIGN_IDENTITY = "iPhone Developer";
				COPY_PHASE_STRIP = NO;
				DEBUG_INFORMATION_FORMAT = "dwarf-with-dsym";
				ENABLE_NS_ASSERTIONS = NO;
				ENABLE_STRICT_OBJC_MSGSEND = YES;
				GCC_C_LANGUAGE_STANDARD = gnu11;
				GCC_NO_COMMON_BLOCKS = YES;
				GCC_WARN_64_TO_32_BIT_CONVERSION = YES;
				GCC_WARN_ABOUT_RETURN_TYPE = YES_ERROR;
				GCC_WARN_UNDECLARED_SELECTOR = YES;
				GCC_WARN_UNINITIALIZED_AUTOS = YES_AGGRESSIVE;
				GCC_WARN_UNUSED_FUNCTION = YES;
				GCC_WARN_UNUSED_VARIABLE = YES;
				IPHONEOS_DEPLOYMENT_TARGET = 12.1;
				MTL_ENABLE_DEBUG_INFO = NO;
				MTL_FAST_MATH = YES;
				SDKROOT = iphoneos;
				SWIFT_COMPILATION_MODE = wholemodule;
				SWIFT_OPTIMIZATION_LEVEL = "-O";
				VALIDATE_PRODUCT = YES;
			};
			name = Release;
		};
		70FF8DE6222E409800C7C6CB /* Debug */ = {
			isa = XCBuildConfiguration;
			buildSettings = {
				ASSETCATALOG_COMPILER_APPICON_NAME = AppIcon;
				CODE_SIGN_STYLE = Automatic;
				DEVELOPMENT_TEAM = SP5X42WRR9;
				INFOPLIST_FILE = Contacts/Info.plist;
				LD_RUNPATH_SEARCH_PATHS = (
					"$(inherited)",
					"@executable_path/Frameworks",
				);
				PRODUCT_BUNDLE_IDENTIFIER = Darigummy.Contacts;
				PRODUCT_NAME = "$(TARGET_NAME)";
				SWIFT_VERSION = 4.2;
				TARGETED_DEVICE_FAMILY = "1,2";
			};
			name = Debug;
		};
		70FF8DE7222E409800C7C6CB /* Release */ = {
			isa = XCBuildConfiguration;
			buildSettings = {
				ASSETCATALOG_COMPILER_APPICON_NAME = AppIcon;
				CODE_SIGN_STYLE = Automatic;
				DEVELOPMENT_TEAM = SP5X42WRR9;
				INFOPLIST_FILE = Contacts/Info.plist;
				LD_RUNPATH_SEARCH_PATHS = (
					"$(inherited)",
					"@executable_path/Frameworks",
				);
				PRODUCT_BUNDLE_IDENTIFIER = Darigummy.Contacts;
				PRODUCT_NAME = "$(TARGET_NAME)";
				SWIFT_VERSION = 4.2;
				TARGETED_DEVICE_FAMILY = "1,2";
			};
			name = Release;
		};
		70FF8DE9222E409800C7C6CB /* Debug */ = {
			isa = XCBuildConfiguration;
			buildSettings = {
				ALWAYS_EMBED_SWIFT_STANDARD_LIBRARIES = YES;
				BUNDLE_LOADER = "$(TEST_HOST)";
				CODE_SIGN_STYLE = Automatic;
				DEVELOPMENT_TEAM = SP5X42WRR9;
				INFOPLIST_FILE = ContactsTests/Info.plist;
				LD_RUNPATH_SEARCH_PATHS = (
					"$(inherited)",
					"@executable_path/Frameworks",
					"@loader_path/Frameworks",
				);
				PRODUCT_BUNDLE_IDENTIFIER = Darigummy.ContactsTests;
				PRODUCT_NAME = "$(TARGET_NAME)";
				SWIFT_VERSION = 4.2;
				TARGETED_DEVICE_FAMILY = "1,2";
				TEST_HOST = "$(BUILT_PRODUCTS_DIR)/Contacts.app/Contacts";
			};
			name = Debug;
		};
		70FF8DEA222E409800C7C6CB /* Release */ = {
			isa = XCBuildConfiguration;
			buildSettings = {
				ALWAYS_EMBED_SWIFT_STANDARD_LIBRARIES = YES;
				BUNDLE_LOADER = "$(TEST_HOST)";
				CODE_SIGN_STYLE = Automatic;
				DEVELOPMENT_TEAM = SP5X42WRR9;
				INFOPLIST_FILE = ContactsTests/Info.plist;
				LD_RUNPATH_SEARCH_PATHS = (
					"$(inherited)",
					"@executable_path/Frameworks",
					"@loader_path/Frameworks",
				);
				PRODUCT_BUNDLE_IDENTIFIER = Darigummy.ContactsTests;
				PRODUCT_NAME = "$(TARGET_NAME)";
				SWIFT_VERSION = 4.2;
				TARGETED_DEVICE_FAMILY = "1,2";
				TEST_HOST = "$(BUILT_PRODUCTS_DIR)/Contacts.app/Contacts";
			};
			name = Release;
		};
		70FF8DEC222E409800C7C6CB /* Debug */ = {
			isa = XCBuildConfiguration;
			buildSettings = {
				ALWAYS_EMBED_SWIFT_STANDARD_LIBRARIES = YES;
				CODE_SIGN_STYLE = Automatic;
				DEVELOPMENT_TEAM = SP5X42WRR9;
				INFOPLIST_FILE = ContactsUITests/Info.plist;
				LD_RUNPATH_SEARCH_PATHS = (
					"$(inherited)",
					"@executable_path/Frameworks",
					"@loader_path/Frameworks",
				);
				PRODUCT_BUNDLE_IDENTIFIER = Darigummy.ContactsUITests;
				PRODUCT_NAME = "$(TARGET_NAME)";
				SWIFT_VERSION = 4.2;
				TARGETED_DEVICE_FAMILY = "1,2";
				TEST_TARGET_NAME = Contacts;
			};
			name = Debug;
		};
		70FF8DED222E409800C7C6CB /* Release */ = {
			isa = XCBuildConfiguration;
			buildSettings = {
				ALWAYS_EMBED_SWIFT_STANDARD_LIBRARIES = YES;
				CODE_SIGN_STYLE = Automatic;
				DEVELOPMENT_TEAM = SP5X42WRR9;
				INFOPLIST_FILE = ContactsUITests/Info.plist;
				LD_RUNPATH_SEARCH_PATHS = (
					"$(inherited)",
					"@executable_path/Frameworks",
					"@loader_path/Frameworks",
				);
				PRODUCT_BUNDLE_IDENTIFIER = Darigummy.ContactsUITests;
				PRODUCT_NAME = "$(TARGET_NAME)";
				SWIFT_VERSION = 4.2;
				TARGETED_DEVICE_FAMILY = "1,2";
				TEST_TARGET_NAME = Contacts;
			};
			name = Release;
		};
/* End XCBuildConfiguration section */

/* Begin XCConfigurationList section */
		70FF8DB8222E409500C7C6CB /* Build configuration list for PBXProject "Contacts" */ = {
			isa = XCConfigurationList;
			buildConfigurations = (
				70FF8DE3222E409800C7C6CB /* Debug */,
				70FF8DE4222E409800C7C6CB /* Release */,
			);
			defaultConfigurationIsVisible = 0;
			defaultConfigurationName = Release;
		};
		70FF8DE5222E409800C7C6CB /* Build configuration list for PBXNativeTarget "Contacts" */ = {
			isa = XCConfigurationList;
			buildConfigurations = (
				70FF8DE6222E409800C7C6CB /* Debug */,
				70FF8DE7222E409800C7C6CB /* Release */,
			);
			defaultConfigurationIsVisible = 0;
			defaultConfigurationName = Release;
		};
		70FF8DE8222E409800C7C6CB /* Build configuration list for PBXNativeTarget "ContactsTests" */ = {
			isa = XCConfigurationList;
			buildConfigurations = (
				70FF8DE9222E409800C7C6CB /* Debug */,
				70FF8DEA222E409800C7C6CB /* Release */,
			);
			defaultConfigurationIsVisible = 0;
			defaultConfigurationName = Release;
		};
		70FF8DEB222E409800C7C6CB /* Build configuration list for PBXNativeTarget "ContactsUITests" */ = {
			isa = XCConfigurationList;
			buildConfigurations = (
				70FF8DEC222E409800C7C6CB /* Debug */,
				70FF8DED222E409800C7C6CB /* Release */,
			);
			defaultConfigurationIsVisible = 0;
			defaultConfigurationName = Release;
		};
/* End XCConfigurationList section */
	};
	rootObject = 70FF8DB5222E409500C7C6CB /* Project object */;
}
